
Microsoft Visual Studio Solution File, Format Version 12.00
# Visual Studio Version 16
VisualStudioVersion = 16.0.31729.503
MinimumVisualStudioVersion = 10.0.40219.1
Project("{9A19103F-16F7-4668-BE54-9A1E7A4F7556}") = "Extractor", "Extractor\Extractor.csproj", "{54E33D2F-244A-43B0-A6DA-899C97B4EA65}"
EndProject
Global
	GlobalSection(SolutionConfigurationPlatforms) = preSolution
		Debug|Any CPU = Debug|Any CPU
		Release|Any CPU = Release|Any CPU
	EndGlobalSection
	GlobalSection(ProjectConfigurationPlatforms) = postSolution
		{54E33D2F-244A-43B0-A6DA-899C97B4EA65}.Debug|Any CPU.ActiveCfg = Debug|Any CPU
		{54E33D2F-244A-43B0-A6DA-899C97B4EA65}.Debug|Any CPU.Build.0 = Debug|Any CPU
		{54E33D2F-244A-43B0-A6DA-899C97B4EA65}.Release|Any CPU.ActiveCfg = Release|Any CPU
		{54E33D2F-244A-43B0-A6DA-899C97B4EA65}.Release|Any CPU.Build.0 = Release|Any CPU
	EndGlobalSection
	GlobalSection(SolutionProperties) = preSolution
		HideSolutionNode = FALSE
	EndGlobalSection
	GlobalSection(ExtensibilityGlobals) = postSolution
		SolutionGuid = {7F01CCF4-D967-4551-991D-660F1B9439B2}
	EndGlobalSection
EndGlobal
